
Microsoft Visual Studio Solution File, Format Version 12.00
# Visual Studio Version 17
VisualStudioVersion = 17.0.31903.59
MinimumVisualStudioVersion = 10.0.40219.1
Project("{FAE04EC0-301F-11D3-BF4B-00C04F79EFBC}") = "Tikitapp.Website", "Tikitapp.Website\Tikitapp.Website.csproj", "{C5A0D487-F0DA-4D64-9D2A-536630D28CD7}"
EndProject
Project("{FAE04EC0-301F-11D3-BF4B-00C04F79EFBC}") = "Tikitapp.Website.Tests", "Tikitapp.Website.Tests\Tikitapp.Website.Tests.csproj", "{202A6709-0CE3-478E-8E34-1E40A31FD017}"
EndProject
Global
	GlobalSection(SolutionConfigurationPlatforms) = preSolution
		Debug|Any CPU = Debug|Any CPU
		Release|Any CPU = Release|Any CPU
	EndGlobalSection
	GlobalSection(SolutionProperties) = preSolution
		HideSolutionNode = FALSE
	EndGlobalSection
	GlobalSection(ProjectConfigurationPlatforms) = postSolution
		{C5A0D487-F0DA-4D64-9D2A-536630D28CD7}.Debug|Any CPU.ActiveCfg = Debug|Any CPU
		{C5A0D487-F0DA-4D64-9D2A-536630D28CD7}.Debug|Any CPU.Build.0 = Debug|Any CPU
		{C5A0D487-F0DA-4D64-9D2A-536630D28CD7}.Release|Any CPU.ActiveCfg = Release|Any CPU
		{C5A0D487-F0DA-4D64-9D2A-536630D28CD7}.Release|Any CPU.Build.0 = Release|Any CPU
		{202A6709-0CE3-478E-8E34-1E40A31FD017}.Debug|Any CPU.ActiveCfg = Debug|Any CPU
		{202A6709-0CE3-478E-8E34-1E40A31FD017}.Debug|Any CPU.Build.0 = Debug|Any CPU
		{202A6709-0CE3-478E-8E34-1E40A31FD017}.Release|Any CPU.ActiveCfg = Release|Any CPU
		{202A6709-0CE3-478E-8E34-1E40A31FD017}.Release|Any CPU.Build.0 = Release|Any CPU
	EndGlobalSection
EndGlobal
